
Microsoft Visual Studio Solution File, Format Version 12.00
# Visual Studio 15
VisualStudioVersion = 15.0.27130.2010
MinimumVisualStudioVersion = 10.0.40219.1
Project("{FAE04EC0-301F-11D3-BF4B-00C04F79EFBC}") = "LiteResr", "LiteResr\LiteResr.csproj", "{14416180-9CF3-4647-9651-1792AEF37792}"
EndProject
Global
	GlobalSection(SolutionConfigurationPlatforms) = preSolution
		Debug|Any CPU = Debug|Any CPU
		Release|Any CPU = Release|Any CPU
	EndGlobalSection
	GlobalSection(ProjectConfigurationPlatforms) = postSolution
		{14416180-9CF3-4647-9651-1792AEF37792}.Debug|Any CPU.ActiveCfg = Debug|Any CPU
		{14416180-9CF3-4647-9651-1792AEF37792}.Debug|Any CPU.Build.0 = Debug|Any CPU
		{14416180-9CF3-4647-9651-1792AEF37792}.Release|Any CPU.ActiveCfg = Release|Any CPU
		{14416180-9CF3-4647-9651-1792AEF37792}.Release|Any CPU.Build.0 = Release|Any CPU
	EndGlobalSection
	GlobalSection(SolutionProperties) = preSolution
		HideSolutionNode = FALSE
	EndGlobalSection
	GlobalSection(ExtensibilityGlobals) = postSolution
		SolutionGuid = {9525D4A9-7343-44ED-A17A-4A0F2B8AA4A7}
	EndGlobalSection
EndGlobal
